
Microsoft Visual Studio Solution File, Format Version 12.00
# Visual Studio Version 17
VisualStudioVersion = 17.1.32120.378
MinimumVisualStudioVersion = 10.0.40219.1
Project("{FAE04EC0-301F-11D3-BF4B-00C04F79EFBC}") = "APICatalogo", "APICatalogo\APICatalogo.csproj", "{D1880575-EA4A-4326-8445-C6C0D8750532}"
EndProject
Global
	GlobalSection(SolutionConfigurationPlatforms) = preSolution
		Debug|Any CPU = Debug|Any CPU
		Release|Any CPU = Release|Any CPU
	EndGlobalSection
	GlobalSection(ProjectConfigurationPlatforms) = postSolution
		{D1880575-EA4A-4326-8445-C6C0D8750532}.Debug|Any CPU.ActiveCfg = Debug|Any CPU
		{D1880575-EA4A-4326-8445-C6C0D8750532}.Debug|Any CPU.Build.0 = Debug|Any CPU
		{D1880575-EA4A-4326-8445-C6C0D8750532}.Release|Any CPU.ActiveCfg = Release|Any CPU
		{D1880575-EA4A-4326-8445-C6C0D8750532}.Release|Any CPU.Build.0 = Release|Any CPU
	EndGlobalSection
	GlobalSection(SolutionProperties) = preSolution
		HideSolutionNode = FALSE
	EndGlobalSection
	GlobalSection(ExtensibilityGlobals) = postSolution
		SolutionGuid = {84BA75B0-2366-4125-8DA9-D8E14BDAD47F}
	EndGlobalSection
EndGlobal
